// !$*UTF8*$!
{
	archiveVersion = 1;
	classes = {
	};
	objectVersion = 52;
	objects = {

/* Begin PBXBuildFile section */
		133B270426BB12E300052657 /* WeatherViewModel.swift in Sources */ = {isa = PBXBuildFile; fileRef = 133B270326BB12E300052657 /* WeatherViewModel.swift */; };
		137B12B926BDD5990033622C /* ContainerModel.swift in Sources */ = {isa = PBXBuildFile; fileRef = 137B12B826BDD5990033622C /* ContainerModel.swift */; };
		137B12F326BE9BAB0033622C /* IWeatherInteractor.swift in Sources */ = {isa = PBXBuildFile; fileRef = 137B12F226BE9BAB0033622C /* IWeatherInteractor.swift */; };
		137B12F626BEA1F00033622C /* IWeatherPresenter.swift in Sources */ = {isa = PBXBuildFile; fileRef = 137B12F526BEA1F00033622C /* IWeatherPresenter.swift */; };
		137B12F826BEA2F10033622C /* IWeatherScreenView.swift in Sources */ = {isa = PBXBuildFile; fileRef = 137B12F726BEA2F10033622C /* IWeatherScreenView.swift */; };
		137B12FE26C05C870033622C /* LaunchScreen.storyboard in Resources */ = {isa = PBXBuildFile; fileRef = 137B12FD26C05C870033622C /* LaunchScreen.storyboard */; };
		137B130126C05DCC0033622C /* TabBarScreenView.swift in Sources */ = {isa = PBXBuildFile; fileRef = 137B130026C05DCC0033622C /* TabBarScreenView.swift */; };
		137B130426C05E630033622C /* TabBarScreenConfigurator.swift in Sources */ = {isa = PBXBuildFile; fileRef = 137B130326C05E630033622C /* TabBarScreenConfigurator.swift */; };
		137B130626C05ED70033622C /* ITabBarScreenView.swift in Sources */ = {isa = PBXBuildFile; fileRef = 137B130526C05ED70033622C /* ITabBarScreenView.swift */; };
		137B130926C05F520033622C /* ITabBarScreenInteractor.swift in Sources */ = {isa = PBXBuildFile; fileRef = 137B130826C05F520033622C /* ITabBarScreenInteractor.swift */; };
		137B130B26C05F810033622C /* TabBarScreenInteractor.swift in Sources */ = {isa = PBXBuildFile; fileRef = 137B130A26C05F810033622C /* TabBarScreenInteractor.swift */; };
		137B130D26C060B50033622C /* TabBarViewModel.swift in Sources */ = {isa = PBXBuildFile; fileRef = 137B130C26C060B50033622C /* TabBarViewModel.swift */; };
		13A406C0269AFCB20016BDF7 /* Moya in Frameworks */ = {isa = PBXBuildFile; productRef = 13A406BF269AFCB20016BDF7 /* Moya */; };
		13B1981026BDCB4C008C8094 /* Navigator.swift in Sources */ = {isa = PBXBuildFile; fileRef = 13B1980F26BDCB4C008C8094 /* Navigator.swift */; };
		13B1981226BDCC07008C8094 /* ModuleConfig.swift in Sources */ = {isa = PBXBuildFile; fileRef = 13B1981126BDCC07008C8094 /* ModuleConfig.swift */; };
		13B1981426BDCC96008C8094 /* WeatherConfigurator.swift in Sources */ = {isa = PBXBuildFile; fileRef = 13B1981326BDCC96008C8094 /* WeatherConfigurator.swift */; };
		13B1981726BDCD1C008C8094 /* ContainerView.swift in Sources */ = {isa = PBXBuildFile; fileRef = 13B1981626BDCD1C008C8094 /* ContainerView.swift */; };
		13B1981A26BDD09C008C8094 /* LoaderView.swift in Sources */ = {isa = PBXBuildFile; fileRef = 13B1981926BDD09C008C8094 /* LoaderView.swift */; };
		13B1981C26BDD0C8008C8094 /* ActivityIndicator.swift in Sources */ = {isa = PBXBuildFile; fileRef = 13B1981B26BDD0C8008C8094 /* ActivityIndicator.swift */; };
		13BDE64726923867004A6AB7 /* Final_ProjectApp.swift in Sources */ = {isa = PBXBuildFile; fileRef = 13BDE64626923867004A6AB7 /* Final_ProjectApp.swift */; };
		13BDE64B2692386B004A6AB7 /* Assets.xcassets in Resources */ = {isa = PBXBuildFile; fileRef = 13BDE64A2692386B004A6AB7 /* Assets.xcassets */; };
		13BDE64E2692386B004A6AB7 /* Preview Assets.xcassets in Resources */ = {isa = PBXBuildFile; fileRef = 13BDE64D2692386B004A6AB7 /* Preview Assets.xcassets */; };
		13BDE6592692386C004A6AB7 /* Final_ProjectTests.swift in Sources */ = {isa = PBXBuildFile; fileRef = 13BDE6582692386C004A6AB7 /* Final_ProjectTests.swift */; };
		13BDE678269317D0004A6AB7 /* WeatherScreenView.swift in Sources */ = {isa = PBXBuildFile; fileRef = 13BDE677269317D0004A6AB7 /* WeatherScreenView.swift */; };
		13BDE67B269318FE004A6AB7 /* ProfileScreenView.swift in Sources */ = {isa = PBXBuildFile; fileRef = 13BDE67A269318FE004A6AB7 /* ProfileScreenView.swift */; };
		13C1F68426C3228C00256577 /* WeatherCurrentView.swift in Sources */ = {isa = PBXBuildFile; fileRef = 13C1F68326C3228C00256577 /* WeatherCurrentView.swift */; };
		13C1F68726C3263E00256577 /* Date+Format.swift in Sources */ = {isa = PBXBuildFile; fileRef = 13C1F68626C3263E00256577 /* Date+Format.swift */; };
		13C1F68926C3CF9000256577 /* WeatherHourlyView.swift in Sources */ = {isa = PBXBuildFile; fileRef = 13C1F68826C3CF9000256577 /* WeatherHourlyView.swift */; };
		13C1F68B26C4455D00256577 /* GlobalStrings.swift in Sources */ = {isa = PBXBuildFile; fileRef = 13C1F68A26C4455D00256577 /* GlobalStrings.swift */; };
		13C1F69026C4505700256577 /* SprayersListScreenView.swift in Sources */ = {isa = PBXBuildFile; fileRef = 13C1F68F26C4505700256577 /* SprayersListScreenView.swift */; };
		13C1F69226C4509C00256577 /* SprayersListConfigurator.swift in Sources */ = {isa = PBXBuildFile; fileRef = 13C1F69126C4509C00256577 /* SprayersListConfigurator.swift */; };
		13C1F69426C450EB00256577 /* ISprayersListScreenView.swift in Sources */ = {isa = PBXBuildFile; fileRef = 13C1F69326C450EB00256577 /* ISprayersListScreenView.swift */; };
		13C1F69826C4519900256577 /* ISprayersListPresenter.swift in Sources */ = {isa = PBXBuildFile; fileRef = 13C1F69726C4519900256577 /* ISprayersListPresenter.swift */; };
		13C1F69A26C451AA00256577 /* ISprayersListInteractor.swift in Sources */ = {isa = PBXBuildFile; fileRef = 13C1F69926C451AA00256577 /* ISprayersListInteractor.swift */; };
		13C1F69C26C4545D00256577 /* IPresenter.swift in Sources */ = {isa = PBXBuildFile; fileRef = 13C1F69B26C4545D00256577 /* IPresenter.swift */; };
		13C1F69E26C4557100256577 /* SprayerListViewModel.swift in Sources */ = {isa = PBXBuildFile; fileRef = 13C1F69D26C4557100256577 /* SprayerListViewModel.swift */; };
		13C1F6A026C459DD00256577 /* SprayersListPresenter.swift in Sources */ = {isa = PBXBuildFile; fileRef = 13C1F69F26C459DD00256577 /* SprayersListPresenter.swift */; };
		13C1F6A226C45D9F00256577 /* SprayersListInteractor.swift in Sources */ = {isa = PBXBuildFile; fileRef = 13C1F6A126C45D9F00256577 /* SprayersListInteractor.swift */; };
		13FFB9ED26AD833F00F35285 /* WeatherDailyView.swift in Sources */ = {isa = PBXBuildFile; fileRef = 13FFB9EC26AD833F00F35285 /* WeatherDailyView.swift */; };
		13FFB9F026AD8C4600F35285 /* SDWebImageSwiftUI in Frameworks */ = {isa = PBXBuildFile; productRef = 13FFB9EF26AD8C4600F35285 /* SDWebImageSwiftUI */; };
		13FFB9F226AD927800F35285 /* WeatherInteractor.swift in Sources */ = {isa = PBXBuildFile; fileRef = 13FFB9F126AD927800F35285 /* WeatherInteractor.swift */; };
		13FFB9F526AD935400F35285 /* Networking in Frameworks */ = {isa = PBXBuildFile; productRef = 13FFB9F426AD935400F35285 /* Networking */; };
		13FFB9F726AD935400F35285 /* WeatherAPI in Frameworks */ = {isa = PBXBuildFile; productRef = 13FFB9F626AD935400F35285 /* WeatherAPI */; };
		13FFB9F926AD955100F35285 /* WeatherPresenter.swift in Sources */ = {isa = PBXBuildFile; fileRef = 13FFB9F826AD955100F35285 /* WeatherPresenter.swift */; };
/* End PBXBuildFile section */

/* Begin PBXContainerItemProxy section */
		13BDE6552692386C004A6AB7 /* PBXContainerItemProxy */ = {
			isa = PBXContainerItemProxy;
			containerPortal = 13BDE63B26923867004A6AB7 /* Project object */;
			proxyType = 1;
			remoteGlobalIDString = 13BDE64226923867004A6AB7;
			remoteInfo = "Final Project";
		};
/* End PBXContainerItemProxy section */

/* Begin PBXFileReference section */
		133B270326BB12E300052657 /* WeatherViewModel.swift */ = {isa = PBXFileReference; lastKnownFileType = sourcecode.swift; path = WeatherViewModel.swift; sourceTree = "<group>"; };
		137B12B826BDD5990033622C /* ContainerModel.swift */ = {isa = PBXFileReference; lastKnownFileType = sourcecode.swift; path = ContainerModel.swift; sourceTree = "<group>"; };
		137B12F226BE9BAB0033622C /* IWeatherInteractor.swift */ = {isa = PBXFileReference; lastKnownFileType = sourcecode.swift; path = IWeatherInteractor.swift; sourceTree = "<group>"; };
		137B12F526BEA1F00033622C /* IWeatherPresenter.swift */ = {isa = PBXFileReference; lastKnownFileType = sourcecode.swift; path = IWeatherPresenter.swift; sourceTree = "<group>"; };
		137B12F726BEA2F10033622C /* IWeatherScreenView.swift */ = {isa = PBXFileReference; lastKnownFileType = sourcecode.swift; path = IWeatherScreenView.swift; sourceTree = "<group>"; };
		137B12FD26C05C870033622C /* LaunchScreen.storyboard */ = {isa = PBXFileReference; fileEncoding = 4; lastKnownFileType = file.storyboard; path = LaunchScreen.storyboard; sourceTree = "<group>"; };
		137B130026C05DCC0033622C /* TabBarScreenView.swift */ = {isa = PBXFileReference; lastKnownFileType = sourcecode.swift; path = TabBarScreenView.swift; sourceTree = "<group>"; };
		137B130326C05E630033622C /* TabBarScreenConfigurator.swift */ = {isa = PBXFileReference; lastKnownFileType = sourcecode.swift; path = TabBarScreenConfigurator.swift; sourceTree = "<group>"; };
		137B130526C05ED70033622C /* ITabBarScreenView.swift */ = {isa = PBXFileReference; lastKnownFileType = sourcecode.swift; path = ITabBarScreenView.swift; sourceTree = "<group>"; };
		137B130826C05F520033622C /* ITabBarScreenInteractor.swift */ = {isa = PBXFileReference; lastKnownFileType = sourcecode.swift; path = ITabBarScreenInteractor.swift; sourceTree = "<group>"; };
		137B130A26C05F810033622C /* TabBarScreenInteractor.swift */ = {isa = PBXFileReference; lastKnownFileType = sourcecode.swift; path = TabBarScreenInteractor.swift; sourceTree = "<group>"; };
		137B130C26C060B50033622C /* TabBarViewModel.swift */ = {isa = PBXFileReference; lastKnownFileType = sourcecode.swift; path = TabBarViewModel.swift; sourceTree = "<group>"; };
		13B1980F26BDCB4C008C8094 /* Navigator.swift */ = {isa = PBXFileReference; lastKnownFileType = sourcecode.swift; path = Navigator.swift; sourceTree = "<group>"; };
		13B1981126BDCC07008C8094 /* ModuleConfig.swift */ = {isa = PBXFileReference; lastKnownFileType = sourcecode.swift; path = ModuleConfig.swift; sourceTree = "<group>"; };
		13B1981326BDCC96008C8094 /* WeatherConfigurator.swift */ = {isa = PBXFileReference; lastKnownFileType = sourcecode.swift; path = WeatherConfigurator.swift; sourceTree = "<group>"; };
		13B1981626BDCD1C008C8094 /* ContainerView.swift */ = {isa = PBXFileReference; lastKnownFileType = sourcecode.swift; path = ContainerView.swift; sourceTree = "<group>"; };
		13B1981926BDD09C008C8094 /* LoaderView.swift */ = {isa = PBXFileReference; lastKnownFileType = sourcecode.swift; path = LoaderView.swift; sourceTree = "<group>"; };
		13B1981B26BDD0C8008C8094 /* ActivityIndicator.swift */ = {isa = PBXFileReference; lastKnownFileType = sourcecode.swift; path = ActivityIndicator.swift; sourceTree = "<group>"; };
		13BDE64326923867004A6AB7 /* Final Project.app */ = {isa = PBXFileReference; explicitFileType = wrapper.application; includeInIndex = 0; path = "Final Project.app"; sourceTree = BUILT_PRODUCTS_DIR; };
		13BDE64626923867004A6AB7 /* Final_ProjectApp.swift */ = {isa = PBXFileReference; lastKnownFileType = sourcecode.swift; path = Final_ProjectApp.swift; sourceTree = "<group>"; };
		13BDE64A2692386B004A6AB7 /* Assets.xcassets */ = {isa = PBXFileReference; lastKnownFileType = folder.assetcatalog; path = Assets.xcassets; sourceTree = "<group>"; };
		13BDE64D2692386B004A6AB7 /* Preview Assets.xcassets */ = {isa = PBXFileReference; lastKnownFileType = folder.assetcatalog; path = "Preview Assets.xcassets"; sourceTree = "<group>"; };
		13BDE64F2692386B004A6AB7 /* Info.plist */ = {isa = PBXFileReference; lastKnownFileType = text.plist.xml; path = Info.plist; sourceTree = "<group>"; };
		13BDE6542692386C004A6AB7 /* Final ProjectTests.xctest */ = {isa = PBXFileReference; explicitFileType = wrapper.cfbundle; includeInIndex = 0; path = "Final ProjectTests.xctest"; sourceTree = BUILT_PRODUCTS_DIR; };
		13BDE6582692386C004A6AB7 /* Final_ProjectTests.swift */ = {isa = PBXFileReference; lastKnownFileType = sourcecode.swift; path = Final_ProjectTests.swift; sourceTree = "<group>"; };
		13BDE65A2692386C004A6AB7 /* Info.plist */ = {isa = PBXFileReference; lastKnownFileType = text.plist.xml; path = Info.plist; sourceTree = "<group>"; };
		13BDE677269317D0004A6AB7 /* WeatherScreenView.swift */ = {isa = PBXFileReference; lastKnownFileType = sourcecode.swift; path = WeatherScreenView.swift; sourceTree = "<group>"; };
		13BDE67A269318FE004A6AB7 /* ProfileScreenView.swift */ = {isa = PBXFileReference; lastKnownFileType = sourcecode.swift; path = ProfileScreenView.swift; sourceTree = "<group>"; };
		13C1F68326C3228C00256577 /* WeatherCurrentView.swift */ = {isa = PBXFileReference; lastKnownFileType = sourcecode.swift; path = WeatherCurrentView.swift; sourceTree = "<group>"; };
		13C1F68626C3263E00256577 /* Date+Format.swift */ = {isa = PBXFileReference; lastKnownFileType = sourcecode.swift; path = "Date+Format.swift"; sourceTree = "<group>"; };
		13C1F68826C3CF9000256577 /* WeatherHourlyView.swift */ = {isa = PBXFileReference; lastKnownFileType = sourcecode.swift; path = WeatherHourlyView.swift; sourceTree = "<group>"; };
		13C1F68A26C4455D00256577 /* GlobalStrings.swift */ = {isa = PBXFileReference; lastKnownFileType = sourcecode.swift; path = GlobalStrings.swift; sourceTree = "<group>"; };
		13C1F68F26C4505700256577 /* SprayersListScreenView.swift */ = {isa = PBXFileReference; lastKnownFileType = sourcecode.swift; path = SprayersListScreenView.swift; sourceTree = "<group>"; };
		13C1F69126C4509C00256577 /* SprayersListConfigurator.swift */ = {isa = PBXFileReference; lastKnownFileType = sourcecode.swift; path = SprayersListConfigurator.swift; sourceTree = "<group>"; };
		13C1F69326C450EB00256577 /* ISprayersListScreenView.swift */ = {isa = PBXFileReference; lastKnownFileType = sourcecode.swift; path = ISprayersListScreenView.swift; sourceTree = "<group>"; };
		13C1F69726C4519900256577 /* ISprayersListPresenter.swift */ = {isa = PBXFileReference; lastKnownFileType = sourcecode.swift; path = ISprayersListPresenter.swift; sourceTree = "<group>"; };
		13C1F69926C451AA00256577 /* ISprayersListInteractor.swift */ = {isa = PBXFileReference; lastKnownFileType = sourcecode.swift; path = ISprayersListInteractor.swift; sourceTree = "<group>"; };
		13C1F69B26C4545D00256577 /* IPresenter.swift */ = {isa = PBXFileReference; lastKnownFileType = sourcecode.swift; path = IPresenter.swift; sourceTree = "<group>"; };
		13C1F69D26C4557100256577 /* SprayerListViewModel.swift */ = {isa = PBXFileReference; lastKnownFileType = sourcecode.swift; path = SprayerListViewModel.swift; sourceTree = "<group>"; };
		13C1F69F26C459DD00256577 /* SprayersListPresenter.swift */ = {isa = PBXFileReference; lastKnownFileType = sourcecode.swift; path = SprayersListPresenter.swift; sourceTree = "<group>"; };
		13C1F6A126C45D9F00256577 /* SprayersListInteractor.swift */ = {isa = PBXFileReference; lastKnownFileType = sourcecode.swift; path = SprayersListInteractor.swift; sourceTree = "<group>"; };
		13FFB9E026AC6BD800F35285 /* WeatherAPI */ = {isa = PBXFileReference; lastKnownFileType = folder; path = WeatherAPI; sourceTree = "<group>"; };
		13FFB9E326AC872B00F35285 /* Networking */ = {isa = PBXFileReference; lastKnownFileType = folder; path = Networking; sourceTree = "<group>"; };
		13FFB9EC26AD833F00F35285 /* WeatherDailyView.swift */ = {isa = PBXFileReference; lastKnownFileType = sourcecode.swift; path = WeatherDailyView.swift; sourceTree = "<group>"; };
		13FFB9F126AD927800F35285 /* WeatherInteractor.swift */ = {isa = PBXFileReference; lastKnownFileType = sourcecode.swift; path = WeatherInteractor.swift; sourceTree = "<group>"; };
		13FFB9F826AD955100F35285 /* WeatherPresenter.swift */ = {isa = PBXFileReference; lastKnownFileType = sourcecode.swift; path = WeatherPresenter.swift; sourceTree = "<group>"; };
/* End PBXFileReference section */

/* Begin PBXFrameworksBuildPhase section */
		13BDE64026923867004A6AB7 /* Frameworks */ = {
			isa = PBXFrameworksBuildPhase;
			buildActionMask = 2147483647;
			files = (
				13FFB9F726AD935400F35285 /* WeatherAPI in Frameworks */,
				13FFB9F526AD935400F35285 /* Networking in Frameworks */,
				13FFB9F026AD8C4600F35285 /* SDWebImageSwiftUI in Frameworks */,
				13A406C0269AFCB20016BDF7 /* Moya in Frameworks */,
			);
			runOnlyForDeploymentPostprocessing = 0;
		};
		13BDE6512692386C004A6AB7 /* Frameworks */ = {
			isa = PBXFrameworksBuildPhase;
			buildActionMask = 2147483647;
			files = (
			);
			runOnlyForDeploymentPostprocessing = 0;
		};
/* End PBXFrameworksBuildPhase section */

/* Begin PBXGroup section */
		137B12B726BDD5860033622C /* Container */ = {
			isa = PBXGroup;
			children = (
				13B1981626BDCD1C008C8094 /* ContainerView.swift */,
				137B12B826BDD5990033622C /* ContainerModel.swift */,
			);
			path = Container;
			sourceTree = "<group>";
		};
		137B12F126BE91D60033622C /* Interactor */ = {
			isa = PBXGroup;
			children = (
				137B12F226BE9BAB0033622C /* IWeatherInteractor.swift */,
				13FFB9F126AD927800F35285 /* WeatherInteractor.swift */,
			);
			path = Interactor;
			sourceTree = "<group>";
		};
		137B12F426BEA1DC0033622C /* Presenter */ = {
			isa = PBXGroup;
			children = (
				137B12F526BEA1F00033622C /* IWeatherPresenter.swift */,
				13FFB9F826AD955100F35285 /* WeatherPresenter.swift */,
			);
			path = Presenter;
			sourceTree = "<group>";
		};
		137B12FF26C05DAC0033622C /* TabBar */ = {
			isa = PBXGroup;
			children = (
				137B130726C05F290033622C /* Interactor */,
				137B130226C05E460033622C /* UI */,
				137B130C26C060B50033622C /* TabBarViewModel.swift */,
			);
			path = TabBar;
			sourceTree = "<group>";
		};
		137B130226C05E460033622C /* UI */ = {
			isa = PBXGroup;
			children = (
				137B130526C05ED70033622C /* ITabBarScreenView.swift */,
				137B130026C05DCC0033622C /* TabBarScreenView.swift */,
				137B130326C05E630033622C /* TabBarScreenConfigurator.swift */,
			);
			path = UI;
			sourceTree = "<group>";
		};
		137B130726C05F290033622C /* Interactor */ = {
			isa = PBXGroup;
			children = (
				137B130826C05F520033622C /* ITabBarScreenInteractor.swift */,
				137B130A26C05F810033622C /* TabBarScreenInteractor.swift */,
			);
			path = Interactor;
			sourceTree = "<group>";
		};
		13B1981826BDD072008C8094 /* CommonUI */ = {
			isa = PBXGroup;
			children = (
				137B12B726BDD5860033622C /* Container */,
				13B1981926BDD09C008C8094 /* LoaderView.swift */,
				13B1981B26BDD0C8008C8094 /* ActivityIndicator.swift */,
			);
			path = CommonUI;
			sourceTree = "<group>";
		};
		13BDE63A26923867004A6AB7 = {
			isa = PBXGroup;
			children = (
				13FFB9DF26AC6B8100F35285 /* Modules */,
				13BDE64526923867004A6AB7 /* Final Project */,
				13BDE6572692386C004A6AB7 /* Final ProjectTests */,
				13BDE64426923867004A6AB7 /* Products */,
				13FFB9F326AD935400F35285 /* Frameworks */,
			);
			sourceTree = "<group>";
		};
		13BDE64426923867004A6AB7 /* Products */ = {
			isa = PBXGroup;
			children = (
				13BDE64326923867004A6AB7 /* Final Project.app */,
				13BDE6542692386C004A6AB7 /* Final ProjectTests.xctest */,
			);
			name = Products;
			sourceTree = "<group>";
		};
		13BDE64526923867004A6AB7 /* Final Project */ = {
			isa = PBXGroup;
			children = (
				13B1981826BDD072008C8094 /* CommonUI */,
				13BDE67126930474004A6AB7 /* Services */,
				137B12FF26C05DAC0033622C /* TabBar */,
				13BDE67426930B04004A6AB7 /* Weather */,
				13BDE67C26931FFD004A6AB7 /* Calculators */,
				13BDE6792693185F004A6AB7 /* Profile */,
				13BDE64626923867004A6AB7 /* Final_ProjectApp.swift */,
				13C1F68A26C4455D00256577 /* GlobalStrings.swift */,
				137B12FD26C05C870033622C /* LaunchScreen.storyboard */,
				13BDE64A2692386B004A6AB7 /* Assets.xcassets */,
				13BDE64F2692386B004A6AB7 /* Info.plist */,
				13C1F68526C3261A00256577 /* Extensions */,
				13BDE64C2692386B004A6AB7 /* Preview Content */,
			);
			path = "Final Project";
			sourceTree = "<group>";
		};
		13BDE64C2692386B004A6AB7 /* Preview Content */ = {
			isa = PBXGroup;
			children = (
				13BDE64D2692386B004A6AB7 /* Preview Assets.xcassets */,
			);
			path = "Preview Content";
			sourceTree = "<group>";
		};
		13BDE6572692386C004A6AB7 /* Final ProjectTests */ = {
			isa = PBXGroup;
			children = (
				13BDE6582692386C004A6AB7 /* Final_ProjectTests.swift */,
				13BDE65A2692386C004A6AB7 /* Info.plist */,
			);
			path = "Final ProjectTests";
			sourceTree = "<group>";
		};
		13BDE67126930474004A6AB7 /* Services */ = {
			isa = PBXGroup;
			children = (
				13B1980F26BDCB4C008C8094 /* Navigator.swift */,
				13B1981126BDCC07008C8094 /* ModuleConfig.swift */,
				13C1F69B26C4545D00256577 /* IPresenter.swift */,
			);
			path = Services;
			sourceTree = "<group>";
		};
		13BDE67426930B04004A6AB7 /* Weather */ = {
			isa = PBXGroup;
			children = (
				13FFB9FA26AD956500F35285 /* UI */,
				137B12F426BEA1DC0033622C /* Presenter */,
				137B12F126BE91D60033622C /* Interactor */,
				133B270326BB12E300052657 /* WeatherViewModel.swift */,
				13B1981326BDCC96008C8094 /* WeatherConfigurator.swift */,
			);
			path = Weather;
			sourceTree = "<group>";
		};
		13BDE6792693185F004A6AB7 /* Profile */ = {
			isa = PBXGroup;
			children = (
				13BDE67A269318FE004A6AB7 /* ProfileScreenView.swift */,
			);
			path = Profile;
			sourceTree = "<group>";
		};
		13BDE67C26931FFD004A6AB7 /* Calculators */ = {
			isa = PBXGroup;
			children = (
				13C1F68D26C44FF300256577 /* SprayersList */,
			);
			path = Calculators;
			sourceTree = "<group>";
		};
		13C1F68526C3261A00256577 /* Extensions */ = {
			isa = PBXGroup;
			children = (
				13C1F68626C3263E00256577 /* Date+Format.swift */,
			);
			path = Extensions;
			sourceTree = "<group>";
		};
		13C1F68D26C44FF300256577 /* SprayersList */ = {
			isa = PBXGroup;
			children = (
				13C1F68E26C4501500256577 /* UI */,
				13C1F69526C4514A00256577 /* Presenter */,
				13C1F69626C4515400256577 /* Interactor */,
				13C1F69D26C4557100256577 /* SprayerListViewModel.swift */,
				13C1F69126C4509C00256577 /* SprayersListConfigurator.swift */,
			);
			path = SprayersList;
			sourceTree = "<group>";
		};
		13C1F68E26C4501500256577 /* UI */ = {
			isa = PBXGroup;
			children = (
				13C1F69326C450EB00256577 /* ISprayersListScreenView.swift */,
				13C1F68F26C4505700256577 /* SprayersListScreenView.swift */,
			);
			path = UI;
			sourceTree = "<group>";
		};
		13C1F69526C4514A00256577 /* Presenter */ = {
			isa = PBXGroup;
			children = (
				13C1F69726C4519900256577 /* ISprayersListPresenter.swift */,
				13C1F69F26C459DD00256577 /* SprayersListPresenter.swift */,
			);
			path = Presenter;
			sourceTree = "<group>";
		};
		13C1F69626C4515400256577 /* Interactor */ = {
			isa = PBXGroup;
			children = (
				13C1F69926C451AA00256577 /* ISprayersListInteractor.swift */,
				13C1F6A126C45D9F00256577 /* SprayersListInteractor.swift */,
			);
			path = Interactor;
			sourceTree = "<group>";
		};
		13FFB9DF26AC6B8100F35285 /* Modules */ = {
			isa = PBXGroup;
			children = (
				13FFB9E326AC872B00F35285 /* Networking */,
				13FFB9E026AC6BD800F35285 /* WeatherAPI */,
			);
			path = Modules;
			sourceTree = "<group>";
		};
		13FFB9F326AD935400F35285 /* Frameworks */ = {
			isa = PBXGroup;
			children = (
			);
			name = Frameworks;
			sourceTree = "<group>";
		};
		13FFB9FA26AD956500F35285 /* UI */ = {
			isa = PBXGroup;
			children = (
				137B12F726BEA2F10033622C /* IWeatherScreenView.swift */,
				13BDE677269317D0004A6AB7 /* WeatherScreenView.swift */,
				13C1F68326C3228C00256577 /* WeatherCurrentView.swift */,
				13C1F68826C3CF9000256577 /* WeatherHourlyView.swift */,
				13FFB9EC26AD833F00F35285 /* WeatherDailyView.swift */,
			);
			path = UI;
			sourceTree = "<group>";
		};
/* End PBXGroup section */

/* Begin PBXNativeTarget section */
		13BDE64226923867004A6AB7 /* Final Project */ = {
			isa = PBXNativeTarget;
			buildConfigurationList = 13BDE6682692386C004A6AB7 /* Build configuration list for PBXNativeTarget "Final Project" */;
			buildPhases = (
				13BDE63F26923867004A6AB7 /* Sources */,
				13BDE64026923867004A6AB7 /* Frameworks */,
				13BDE64126923867004A6AB7 /* Resources */,
			);
			buildRules = (
			);
			dependencies = (
			);
			name = "Final Project";
			packageProductDependencies = (
				13A406BF269AFCB20016BDF7 /* Moya */,
				13FFB9EF26AD8C4600F35285 /* SDWebImageSwiftUI */,
				13FFB9F426AD935400F35285 /* Networking */,
				13FFB9F626AD935400F35285 /* WeatherAPI */,
			);
			productName = "Final Project";
			productReference = 13BDE64326923867004A6AB7 /* Final Project.app */;
			productType = "com.apple.product-type.application";
		};
		13BDE6532692386C004A6AB7 /* Final ProjectTests */ = {
			isa = PBXNativeTarget;
			buildConfigurationList = 13BDE66B2692386C004A6AB7 /* Build configuration list for PBXNativeTarget "Final ProjectTests" */;
			buildPhases = (
				13BDE6502692386C004A6AB7 /* Sources */,
				13BDE6512692386C004A6AB7 /* Frameworks */,
				13BDE6522692386C004A6AB7 /* Resources */,
			);
			buildRules = (
			);
			dependencies = (
				13BDE6562692386C004A6AB7 /* PBXTargetDependency */,
			);
			name = "Final ProjectTests";
			productName = "Final ProjectTests";
			productReference = 13BDE6542692386C004A6AB7 /* Final ProjectTests.xctest */;
			productType = "com.apple.product-type.bundle.unit-test";
		};
/* End PBXNativeTarget section */

/* Begin PBXProject section */
		13BDE63B26923867004A6AB7 /* Project object */ = {
			isa = PBXProject;
			attributes = {
				LastSwiftUpdateCheck = 1250;
				LastUpgradeCheck = 1250;
				TargetAttributes = {
					13BDE64226923867004A6AB7 = {
						CreatedOnToolsVersion = 12.5.1;
					};
					13BDE6532692386C004A6AB7 = {
						CreatedOnToolsVersion = 12.5.1;
						TestTargetID = 13BDE64226923867004A6AB7;
					};
				};
			};
			buildConfigurationList = 13BDE63E26923867004A6AB7 /* Build configuration list for PBXProject "Final Project" */;
			compatibilityVersion = "Xcode 9.3";
			developmentRegion = en;
			hasScannedForEncodings = 0;
			knownRegions = (
				en,
				Base,
			);
			mainGroup = 13BDE63A26923867004A6AB7;
			packageReferences = (
				13A406BE269AFCB20016BDF7 /* XCRemoteSwiftPackageReference "Moya" */,
				13FFB9EE26AD8C4600F35285 /* XCRemoteSwiftPackageReference "SDWebImageSwiftUI" */,
			);
			productRefGroup = 13BDE64426923867004A6AB7 /* Products */;
			projectDirPath = "";
			projectRoot = "";
			targets = (
				13BDE64226923867004A6AB7 /* Final Project */,
				13BDE6532692386C004A6AB7 /* Final ProjectTests */,
			);
		};
/* End PBXProject section */

/* Begin PBXResourcesBuildPhase section */
		13BDE64126923867004A6AB7 /* Resources */ = {
			isa = PBXResourcesBuildPhase;
			buildActionMask = 2147483647;
			files = (
				137B12FE26C05C870033622C /* LaunchScreen.storyboard in Resources */,
				13BDE64E2692386B004A6AB7 /* Preview Assets.xcassets in Resources */,
				13BDE64B2692386B004A6AB7 /* Assets.xcassets in Resources */,
			);
			runOnlyForDeploymentPostprocessing = 0;
		};
		13BDE6522692386C004A6AB7 /* Resources */ = {
			isa = PBXResourcesBuildPhase;
			buildActionMask = 2147483647;
			files = (
			);
			runOnlyForDeploymentPostprocessing = 0;
		};
/* End PBXResourcesBuildPhase section */

/* Begin PBXSourcesBuildPhase section */
		13BDE63F26923867004A6AB7 /* Sources */ = {
			isa = PBXSourcesBuildPhase;
			buildActionMask = 2147483647;
			files = (
				133B270426BB12E300052657 /* WeatherViewModel.swift in Sources */,
				13C1F68426C3228C00256577 /* WeatherCurrentView.swift in Sources */,
				13C1F6A026C459DD00256577 /* SprayersListPresenter.swift in Sources */,
				13B1981C26BDD0C8008C8094 /* ActivityIndicator.swift in Sources */,
				13C1F69226C4509C00256577 /* SprayersListConfigurator.swift in Sources */,
				13B1981026BDCB4C008C8094 /* Navigator.swift in Sources */,
				137B12B926BDD5990033622C /* ContainerModel.swift in Sources */,
				13C1F68B26C4455D00256577 /* GlobalStrings.swift in Sources */,
				13FFB9F226AD927800F35285 /* WeatherInteractor.swift in Sources */,
				13B1981A26BDD09C008C8094 /* LoaderView.swift in Sources */,
				13C1F69E26C4557100256577 /* SprayerListViewModel.swift in Sources */,
				13FFB9F926AD955100F35285 /* WeatherPresenter.swift in Sources */,
				13C1F69826C4519900256577 /* ISprayersListPresenter.swift in Sources */,
				137B12F826BEA2F10033622C /* IWeatherScreenView.swift in Sources */,
				137B12F326BE9BAB0033622C /* IWeatherInteractor.swift in Sources */,
				13C1F69C26C4545D00256577 /* IPresenter.swift in Sources */,
				137B12F626BEA1F00033622C /* IWeatherPresenter.swift in Sources */,
				13C1F69426C450EB00256577 /* ISprayersListScreenView.swift in Sources */,
				13B1981226BDCC07008C8094 /* ModuleConfig.swift in Sources */,
				13BDE678269317D0004A6AB7 /* WeatherScreenView.swift in Sources */,
				13C1F69A26C451AA00256577 /* ISprayersListInteractor.swift in Sources */,
				13FFB9ED26AD833F00F35285 /* WeatherDailyView.swift in Sources */,
				137B130926C05F520033622C /* ITabBarScreenInteractor.swift in Sources */,
				137B130126C05DCC0033622C /* TabBarScreenView.swift in Sources */,
				13C1F69026C4505700256577 /* SprayersListScreenView.swift in Sources */,
				13BDE64726923867004A6AB7 /* Final_ProjectApp.swift in Sources */,
				137B130D26C060B50033622C /* TabBarViewModel.swift in Sources */,
				137B130626C05ED70033622C /* ITabBarScreenView.swift in Sources */,
				137B130B26C05F810033622C /* TabBarScreenInteractor.swift in Sources */,
				13B1981726BDCD1C008C8094 /* ContainerView.swift in Sources */,
				13C1F68726C3263E00256577 /* Date+Format.swift in Sources */,
				13C1F68926C3CF9000256577 /* WeatherHourlyView.swift in Sources */,
				13BDE67B269318FE004A6AB7 /* ProfileScreenView.swift in Sources */,
				13B1981426BDCC96008C8094 /* WeatherConfigurator.swift in Sources */,
				137B130426C05E630033622C /* TabBarScreenConfigurator.swift in Sources */,
				13C1F6A226C45D9F00256577 /* SprayersListInteractor.swift in Sources */,
			);
			runOnlyForDeploymentPostprocessing = 0;
		};
		13BDE6502692386C004A6AB7 /* Sources */ = {
			isa = PBXSourcesBuildPhase;
			buildActionMask = 2147483647;
			files = (
				13BDE6592692386C004A6AB7 /* Final_ProjectTests.swift in Sources */,
			);
			runOnlyForDeploymentPostprocessing = 0;
		};
/* End PBXSourcesBuildPhase section */

/* Begin PBXTargetDependency section */
		13BDE6562692386C004A6AB7 /* PBXTargetDependency */ = {
			isa = PBXTargetDependency;
			target = 13BDE64226923867004A6AB7 /* Final Project */;
			targetProxy = 13BDE6552692386C004A6AB7 /* PBXContainerItemProxy */;
		};
/* End PBXTargetDependency section */

/* Begin XCBuildConfiguration section */
		13BDE6662692386C004A6AB7 /* Debug */ = {
			isa = XCBuildConfiguration;
			buildSettings = {
				ALWAYS_SEARCH_USER_PATHS = NO;
				CLANG_ANALYZER_NONNULL = YES;
				CLANG_ANALYZER_NUMBER_OBJECT_CONVERSION = YES_AGGRESSIVE;
				CLANG_CXX_LANGUAGE_STANDARD = "gnu++14";
				CLANG_CXX_LIBRARY = "libc++";
				CLANG_ENABLE_MODULES = YES;
				CLANG_ENABLE_OBJC_ARC = YES;
				CLANG_ENABLE_OBJC_WEAK = YES;
				CLANG_WARN_BLOCK_CAPTURE_AUTORELEASING = YES;
				CLANG_WARN_BOOL_CONVERSION = YES;
				CLANG_WARN_COMMA = YES;
				CLANG_WARN_CONSTANT_CONVERSION = YES;
				CLANG_WARN_DEPRECATED_OBJC_IMPLEMENTATIONS = YES;
				CLANG_WARN_DIRECT_OBJC_ISA_USAGE = YES_ERROR;
				CLANG_WARN_DOCUMENTATION_COMMENTS = YES;
				CLANG_WARN_EMPTY_BODY = YES;
				CLANG_WARN_ENUM_CONVERSION = YES;
				CLANG_WARN_INFINITE_RECURSION = YES;
				CLANG_WARN_INT_CONVERSION = YES;
				CLANG_WARN_NON_LITERAL_NULL_CONVERSION = YES;
				CLANG_WARN_OBJC_IMPLICIT_RETAIN_SELF = YES;
				CLANG_WARN_OBJC_LITERAL_CONVERSION = YES;
				CLANG_WARN_OBJC_ROOT_CLASS = YES_ERROR;
				CLANG_WARN_QUOTED_INCLUDE_IN_FRAMEWORK_HEADER = YES;
				CLANG_WARN_RANGE_LOOP_ANALYSIS = YES;
				CLANG_WARN_STRICT_PROTOTYPES = YES;
				CLANG_WARN_SUSPICIOUS_MOVE = YES;
				CLANG_WARN_UNGUARDED_AVAILABILITY = YES_AGGRESSIVE;
				CLANG_WARN_UNREACHABLE_CODE = YES;
				CLANG_WARN__DUPLICATE_METHOD_MATCH = YES;
				COPY_PHASE_STRIP = NO;
				DEBUG_INFORMATION_FORMAT = dwarf;
				ENABLE_STRICT_OBJC_MSGSEND = YES;
				ENABLE_TESTABILITY = YES;
				GCC_C_LANGUAGE_STANDARD = gnu11;
				GCC_DYNAMIC_NO_PIC = NO;
				GCC_NO_COMMON_BLOCKS = YES;
				GCC_OPTIMIZATION_LEVEL = 0;
				GCC_PREPROCESSOR_DEFINITIONS = (
					"DEBUG=1",
					"$(inherited)",
				);
				GCC_WARN_64_TO_32_BIT_CONVERSION = YES;
				GCC_WARN_ABOUT_RETURN_TYPE = YES_ERROR;
				GCC_WARN_UNDECLARED_SELECTOR = YES;
				GCC_WARN_UNINITIALIZED_AUTOS = YES_AGGRESSIVE;
				GCC_WARN_UNUSED_FUNCTION = YES;
				GCC_WARN_UNUSED_VARIABLE = YES;
				IPHONEOS_DEPLOYMENT_TARGET = 14.5;
				MTL_ENABLE_DEBUG_INFO = INCLUDE_SOURCE;
				MTL_FAST_MATH = YES;
				ONLY_ACTIVE_ARCH = YES;
				SDKROOT = iphoneos;
				SWIFT_ACTIVE_COMPILATION_CONDITIONS = DEBUG;
				SWIFT_OPTIMIZATION_LEVEL = "-Onone";
			};
			name = Debug;
		};
		13BDE6672692386C004A6AB7 /* Release */ = {
			isa = XCBuildConfiguration;
			buildSettings = {
				ALWAYS_SEARCH_USER_PATHS = NO;
				CLANG_ANALYZER_NONNULL = YES;
				CLANG_ANALYZER_NUMBER_OBJECT_CONVERSION = YES_AGGRESSIVE;
				CLANG_CXX_LANGUAGE_STANDARD = "gnu++14";
				CLANG_CXX_LIBRARY = "libc++";
				CLANG_ENABLE_MODULES = YES;
				CLANG_ENABLE_OBJC_ARC = YES;
				CLANG_ENABLE_OBJC_WEAK = YES;
				CLANG_WARN_BLOCK_CAPTURE_AUTORELEASING = YES;
				CLANG_WARN_BOOL_CONVERSION = YES;
				CLANG_WARN_COMMA = YES;
				CLANG_WARN_CONSTANT_CONVERSION = YES;
				CLANG_WARN_DEPRECATED_OBJC_IMPLEMENTATIONS = YES;
				CLANG_WARN_DIRECT_OBJC_ISA_USAGE = YES_ERROR;
				CLANG_WARN_DOCUMENTATION_COMMENTS = YES;
				CLANG_WARN_EMPTY_BODY = YES;
				CLANG_WARN_ENUM_CONVERSION = YES;
				CLANG_WARN_INFINITE_RECURSION = YES;
				CLANG_WARN_INT_CONVERSION = YES;
				CLANG_WARN_NON_LITERAL_NULL_CONVERSION = YES;
				CLANG_WARN_OBJC_IMPLICIT_RETAIN_SELF = YES;
				CLANG_WARN_OBJC_LITERAL_CONVERSION = YES;
				CLANG_WARN_OBJC_ROOT_CLASS = YES_ERROR;
				CLANG_WARN_QUOTED_INCLUDE_IN_FRAMEWORK_HEADER = YES;
				CLANG_WARN_RANGE_LOOP_ANALYSIS = YES;
				CLANG_WARN_STRICT_PROTOTYPES = YES;
				CLANG_WARN_SUSPICIOUS_MOVE = YES;
				CLANG_WARN_UNGUARDED_AVAILABILITY = YES_AGGRESSIVE;
				CLANG_WARN_UNREACHABLE_CODE = YES;
				CLANG_WARN__DUPLICATE_METHOD_MATCH = YES;
				COPY_PHASE_STRIP = NO;
				DEBUG_INFORMATION_FORMAT = "dwarf-with-dsym";
				ENABLE_NS_ASSERTIONS = NO;
				ENABLE_STRICT_OBJC_MSGSEND = YES;
				GCC_C_LANGUAGE_STANDARD = gnu11;
				GCC_NO_COMMON_BLOCKS = YES;
				GCC_WARN_64_TO_32_BIT_CONVERSION = YES;
				GCC_WARN_ABOUT_RETURN_TYPE = YES_ERROR;
				GCC_WARN_UNDECLARED_SELECTOR = YES;
				GCC_WARN_UNINITIALIZED_AUTOS = YES_AGGRESSIVE;
				GCC_WARN_UNUSED_FUNCTION = YES;
				GCC_WARN_UNUSED_VARIABLE = YES;
				IPHONEOS_DEPLOYMENT_TARGET = 14.5;
				MTL_ENABLE_DEBUG_INFO = NO;
				MTL_FAST_MATH = YES;
				SDKROOT = iphoneos;
				SWIFT_COMPILATION_MODE = wholemodule;
				SWIFT_OPTIMIZATION_LEVEL = "-O";
				VALIDATE_PRODUCT = YES;
			};
			name = Release;
		};
		13BDE6692692386C004A6AB7 /* Debug */ = {
			isa = XCBuildConfiguration;
			buildSettings = {
				ASSETCATALOG_COMPILER_APPICON_NAME = AppIcon;
				ASSETCATALOG_COMPILER_GLOBAL_ACCENT_COLOR_NAME = AccentColor;
				CODE_SIGN_STYLE = Automatic;
				DEVELOPMENT_ASSET_PATHS = "\"Final Project/Preview Content\"";
				DEVELOPMENT_TEAM = GF3U88C7F2;
				ENABLE_PREVIEWS = YES;
				INFOPLIST_FILE = "Final Project/Info.plist";
				IPHONEOS_DEPLOYMENT_TARGET = 14.0;
				LD_RUNPATH_SEARCH_PATHS = (
					"$(inherited)",
					"@executable_path/Frameworks",
				);
				PRODUCT_BUNDLE_IDENTIFIER = "com.alexeybolv.Final-Project";
				PRODUCT_NAME = "$(TARGET_NAME)";
				SWIFT_VERSION = 5.0;
				TARGETED_DEVICE_FAMILY = "1,2";
			};
			name = Debug;
		};
		13BDE66A2692386C004A6AB7 /* Release */ = {
			isa = XCBuildConfiguration;
			buildSettings = {
				ASSETCATALOG_COMPILER_APPICON_NAME = AppIcon;
				ASSETCATALOG_COMPILER_GLOBAL_ACCENT_COLOR_NAME = AccentColor;
				CODE_SIGN_STYLE = Automatic;
				DEVELOPMENT_ASSET_PATHS = "\"Final Project/Preview Content\"";
				DEVELOPMENT_TEAM = GF3U88C7F2;
				ENABLE_PREVIEWS = YES;
				INFOPLIST_FILE = "Final Project/Info.plist";
				IPHONEOS_DEPLOYMENT_TARGET = 14.0;
				LD_RUNPATH_SEARCH_PATHS = (
					"$(inherited)",
					"@executable_path/Frameworks",
				);
				PRODUCT_BUNDLE_IDENTIFIER = "com.alexeybolv.Final-Project";
				PRODUCT_NAME = "$(TARGET_NAME)";
				SWIFT_VERSION = 5.0;
				TARGETED_DEVICE_FAMILY = "1,2";
			};
			name = Release;
		};
		13BDE66C2692386C004A6AB7 /* Debug */ = {
			isa = XCBuildConfiguration;
			buildSettings = {
				ALWAYS_EMBED_SWIFT_STANDARD_LIBRARIES = YES;
				BUNDLE_LOADER = "$(TEST_HOST)";
				CODE_SIGN_STYLE = Automatic;
				DEVELOPMENT_TEAM = GF3U88C7F2;
				INFOPLIST_FILE = "Final ProjectTests/Info.plist";
				IPHONEOS_DEPLOYMENT_TARGET = 14.0;
				LD_RUNPATH_SEARCH_PATHS = (
					"$(inherited)",
					"@executable_path/Frameworks",
					"@loader_path/Frameworks",
				);
				PRODUCT_BUNDLE_IDENTIFIER = "com.alexeybolv.Final-ProjectTests";
				PRODUCT_NAME = "$(TARGET_NAME)";
				SWIFT_VERSION = 5.0;
				TARGETED_DEVICE_FAMILY = "1,2";
				TEST_HOST = "$(BUILT_PRODUCTS_DIR)/Final Project.app/Final Project";
			};
			name = Debug;
		};
		13BDE66D2692386C004A6AB7 /* Release */ = {
			isa = XCBuildConfiguration;
			buildSettings = {
				ALWAYS_EMBED_SWIFT_STANDARD_LIBRARIES = YES;
				BUNDLE_LOADER = "$(TEST_HOST)";
				CODE_SIGN_STYLE = Automatic;
				DEVELOPMENT_TEAM = GF3U88C7F2;
				INFOPLIST_FILE = "Final ProjectTests/Info.plist";
				IPHONEOS_DEPLOYMENT_TARGET = 14.0;
				LD_RUNPATH_SEARCH_PATHS = (
					"$(inherited)",
					"@executable_path/Frameworks",
					"@loader_path/Frameworks",
				);
				PRODUCT_BUNDLE_IDENTIFIER = "com.alexeybolv.Final-ProjectTests";
				PRODUCT_NAME = "$(TARGET_NAME)";
				SWIFT_VERSION = 5.0;
				TARGETED_DEVICE_FAMILY = "1,2";
				TEST_HOST = "$(BUILT_PRODUCTS_DIR)/Final Project.app/Final Project";
			};
			name = Release;
		};
/* End XCBuildConfiguration section */

/* Begin XCConfigurationList section */
		13BDE63E26923867004A6AB7 /* Build configuration list for PBXProject "Final Project" */ = {
			isa = XCConfigurationList;
			buildConfigurations = (
				13BDE6662692386C004A6AB7 /* Debug */,
				13BDE6672692386C004A6AB7 /* Release */,
			);
			defaultConfigurationIsVisible = 0;
			defaultConfigurationName = Release;
		};
		13BDE6682692386C004A6AB7 /* Build configuration list for PBXNativeTarget "Final Project" */ = {
			isa = XCConfigurationList;
			buildConfigurations = (
				13BDE6692692386C004A6AB7 /* Debug */,
				13BDE66A2692386C004A6AB7 /* Release */,
			);
			defaultConfigurationIsVisible = 0;
			defaultConfigurationName = Release;
		};
		13BDE66B2692386C004A6AB7 /* Build configuration list for PBXNativeTarget "Final ProjectTests" */ = {
			isa = XCConfigurationList;
			buildConfigurations = (
				13BDE66C2692386C004A6AB7 /* Debug */,
				13BDE66D2692386C004A6AB7 /* Release */,
			);
			defaultConfigurationIsVisible = 0;
			defaultConfigurationName = Release;
		};
/* End XCConfigurationList section */

/* Begin XCRemoteSwiftPackageReference section */
		13A406BE269AFCB20016BDF7 /* XCRemoteSwiftPackageReference "Moya" */ = {
			isa = XCRemoteSwiftPackageReference;
			repositoryURL = "https://github.com/Moya/Moya.git";
			requirement = {
				kind = upToNextMajorVersion;
				minimumVersion = 14.0.1;
			};
		};
		13FFB9EE26AD8C4600F35285 /* XCRemoteSwiftPackageReference "SDWebImageSwiftUI" */ = {
			isa = XCRemoteSwiftPackageReference;
			repositoryURL = "https://github.com/SDWebImage/SDWebImageSwiftUI.git";
			requirement = {
				kind = upToNextMajorVersion;
				minimumVersion = 2.0.2;
			};
		};
/* End XCRemoteSwiftPackageReference section */

/* Begin XCSwiftPackageProductDependency section */
		13A406BF269AFCB20016BDF7 /* Moya */ = {
			isa = XCSwiftPackageProductDependency;
			package = 13A406BE269AFCB20016BDF7 /* XCRemoteSwiftPackageReference "Moya" */;
			productName = Moya;
		};
		13FFB9EF26AD8C4600F35285 /* SDWebImageSwiftUI */ = {
			isa = XCSwiftPackageProductDependency;
			package = 13FFB9EE26AD8C4600F35285 /* XCRemoteSwiftPackageReference "SDWebImageSwiftUI" */;
			productName = SDWebImageSwiftUI;
		};
		13FFB9F426AD935400F35285 /* Networking */ = {
			isa = XCSwiftPackageProductDependency;
			productName = Networking;
		};
		13FFB9F626AD935400F35285 /* WeatherAPI */ = {
			isa = XCSwiftPackageProductDependency;
			productName = WeatherAPI;
		};
/* End XCSwiftPackageProductDependency section */
	};
	rootObject = 13BDE63B26923867004A6AB7 /* Project object */;
}
